{
  "name": "Zackathon_2025",
  "lockfileVersion": 3,
  "requires": true,
  "packages": {
    "": {
      "dependencies": {
        "angular-froala-wysiwyg": "^4.5.2"
      }
    },
    "node_modules/angular-froala-wysiwyg": {
      "version": "4.5.2",
      "resolved": "https://registry.npmjs.org/angular-froala-wysiwyg/-/angular-froala-wysiwyg-4.5.2.tgz",
      "integrity": "sha512-evx8g3Is0DNjVv37V/TOwTEdDvegv9AlYMuT2bKQ/En1RwbnvUbZBBtN+XGosVaihef1wvQicaCn2mnWPs3xLg==",
      "dependencies": {
        "froala-editor": "4.5.2",
        "tslib": "^2.3.0"
      }
    },
    "node_modules/froala-editor": {
      "version": "4.5.2",
      "resolved": "https://registry.npmjs.org/froala-editor/-/froala-editor-4.5.2.tgz",
      "integrity": "sha512-Nkfll8jkZEtxTDO6bbmOVXHZIrH5yIO7jIDEkMc68uQjRZJwYZM+MuOhUZspDY2U1PR+kEI+o3NOymD5isizjQ==",
      "license": "https://www.froala.com/wysiwyg-editor/pricing"
    },
    "node_modules/tslib": {
      "version": "2.8.1",
      "resolved": "https://registry.npmjs.org/tslib/-/tslib-2.8.1.tgz",
      "integrity": "sha512-oJFu94HQb+KVduSUQL7wnpmqnfmLsOA/nAh6b6EH0wCEoK0/mPeXU6c3wKDV83MkOuHPRHtSXKKU99IBazS/2w==",
      "license": "0BSD"
    }
  }
}
